// !$*UTF8*$!
{
	archiveVersion = 1;
	classes = {
	};
	objectVersion = 46;
	objects = {

/* Begin PBXBuildFile section */
		E8919BBC1AEB769A00A83008 /* main.m in Sources */ = {isa = PBXBuildFile; fileRef = E8919BBB1AEB769A00A83008 /* main.m */; };
		E8919BBF1AEB769A00A83008 /* AppDelegate.m in Sources */ = {isa = PBXBuildFile; fileRef = E8919BBE1AEB769A00A83008 /* AppDelegate.m */; };
		E8919BC21AEB769A00A83008 /* ViewController.m in Sources */ = {isa = PBXBuildFile; fileRef = E8919BC11AEB769A00A83008 /* ViewController.m */; };
		E8919BC51AEB769A00A83008 /* Main.storyboard in Resources */ = {isa = PBXBuildFile; fileRef = E8919BC31AEB769A00A83008 /* Main.storyboard */; };
		E8919BC71AEB769A00A83008 /* Images.xcassets in Resources */ = {isa = PBXBuildFile; fileRef = E8919BC61AEB769A00A83008 /* Images.xcassets */; };
		E8919BCA1AEB769A00A83008 /* LaunchScreen.xib in Resources */ = {isa = PBXBuildFile; fileRef = E8919BC81AEB769A00A83008 /* LaunchScreen.xib */; };
		E8919BD61AEB769B00A83008 /* UITableView_UIRefreshControlTests.m in Sources */ = {isa = PBXBuildFile; fileRef = E8919BD51AEB769B00A83008 /* UITableView_UIRefreshControlTests.m */; };
/* End PBXBuildFile section */

/* Begin PBXContainerItemProxy section */
		E8919BD01AEB769B00A83008 /* PBXContainerItemProxy */ = {
			isa = PBXContainerItemProxy;
			containerPortal = E8919BAE1AEB769A00A83008 /* Project object */;
			proxyType = 1;
			remoteGlobalIDString = E8919BB51AEB769A00A83008;
			remoteInfo = "UITableView+UIRefreshControl";
		};
/* End PBXContainerItemProxy section */

/* Begin PBXFileReference section */
		E8919BB61AEB769A00A83008 /* UITableView+UIRefreshControl.app */ = {isa = PBXFileReference; explicitFileType = wrapper.application; includeInIndex = 0; path = "UITableView+UIRefreshControl.app"; sourceTree = BUILT_PRODUCTS_DIR; };
		E8919BBA1AEB769A00A83008 /* Info.plist */ = {isa = PBXFileReference; lastKnownFileType = text.plist.xml; path = Info.plist; sourceTree = "<group>"; };
		E8919BBB1AEB769A00A83008 /* main.m */ = {isa = PBXFileReference; lastKnownFileType = sourcecode.c.objc; path = main.m; sourceTree = "<group>"; };
		E8919BBD1AEB769A00A83008 /* AppDelegate.h */ = {isa = PBXFileReference; lastKnownFileType = sourcecode.c.h; path = AppDelegate.h; sourceTree = "<group>"; };
		E8919BBE1AEB769A00A83008 /* AppDelegate.m */ = {isa = PBXFileReference; lastKnownFileType = sourcecode.c.objc; path = AppDelegate.m; sourceTree = "<group>"; };
		E8919BC01AEB769A00A83008 /* ViewController.h */ = {isa = PBXFileReference; lastKnownFileType = sourcecode.c.h; path = ViewController.h; sourceTree = "<group>"; };
		E8919BC11AEB769A00A83008 /* ViewController.m */ = {isa = PBXFileReference; lastKnownFileType = sourcecode.c.objc; path = ViewController.m; sourceTree = "<group>"; };
		E8919BC41AEB769A00A83008 /* Base */ = {isa = PBXFileReference; lastKnownFileType = file.storyboard; name = Base; path = Base.lproj/Main.storyboard; sourceTree = "<group>"; };
		E8919BC61AEB769A00A83008 /* Images.xcassets */ = {isa = PBXFileReference; lastKnownFileType = folder.assetcatalog; path = Images.xcassets; sourceTree = "<group>"; };
		E8919BC91AEB769A00A83008 /* Base */ = {isa = PBXFileReference; lastKnownFileType = file.xib; name = Base; path = Base.lproj/LaunchScreen.xib; sourceTree = "<group>"; };
		E8919BCF1AEB769B00A83008 /* UITableView+UIRefreshControlTests.xctest */ = {isa = PBXFileReference; explicitFileType = wrapper.cfbundle; includeInIndex = 0; path = "UITableView+UIRefreshControlTests.xctest"; sourceTree = BUILT_PRODUCTS_DIR; };
		E8919BD41AEB769B00A83008 /* Info.plist */ = {isa = PBXFileReference; lastKnownFileType = text.plist.xml; path = Info.plist; sourceTree = "<group>"; };
		E8919BD51AEB769B00A83008 /* UITableView_UIRefreshControlTests.m */ = {isa = PBXFileReference; lastKnownFileType = sourcecode.c.objc; path = UITableView_UIRefreshControlTests.m; sourceTree = "<group>"; };
/* End PBXFileReference section */

/* Begin PBXFrameworksBuildPhase section */
		E8919BB31AEB769A00A83008 /* Frameworks */ = {
			isa = PBXFrameworksBuildPhase;
			buildActionMask = 2147483647;
			files = (
			);
			runOnlyForDeploymentPostprocessing = 0;
		};
		E8919BCC1AEB769B00A83008 /* Frameworks */ = {
			isa = PBXFrameworksBuildPhase;
			buildActionMask = 2147483647;
			files = (
			);
			runOnlyForDeploymentPostprocessing = 0;
		};
/* End PBXFrameworksBuildPhase section */

/* Begin PBXGroup section */
		E8919BAD1AEB769A00A83008 = {
			isa = PBXGroup;
			children = (
				E8919BB81AEB769A00A83008 /* UITableView+UIRefreshControl */,
				E8919BD21AEB769B00A83008 /* UITableView+UIRefreshControlTests */,
				E8919BB71AEB769A00A83008 /* Products */,
			);
			sourceTree = "<group>";
		};
		E8919BB71AEB769A00A83008 /* Products */ = {
			isa = PBXGroup;
			children = (
				E8919BB61AEB769A00A83008 /* UITableView+UIRefreshControl.app */,
				E8919BCF1AEB769B00A83008 /* UITableView+UIRefreshControlTests.xctest */,
			);
			name = Products;
			sourceTree = "<group>";
		};
		E8919BB81AEB769A00A83008 /* UITableView+UIRefreshControl */ = {
			isa = PBXGroup;
			children = (
				E8919BBD1AEB769A00A83008 /* AppDelegate.h */,
				E8919BBE1AEB769A00A83008 /* AppDelegate.m */,
				E8919BC01AEB769A00A83008 /* ViewController.h */,
				E8919BC11AEB769A00A83008 /* ViewController.m */,
				E8919BC31AEB769A00A83008 /* Main.storyboard */,
				E8919BC61AEB769A00A83008 /* Images.xcassets */,
				E8919BC81AEB769A00A83008 /* LaunchScreen.xib */,
				E8919BB91AEB769A00A83008 /* Supporting Files */,
			);
			path = "UITableView+UIRefreshControl";
			sourceTree = "<group>";
		};
		E8919BB91AEB769A00A83008 /* Supporting Files */ = {
			isa = PBXGroup;
			children = (
				E8919BBA1AEB769A00A83008 /* Info.plist */,
				E8919BBB1AEB769A00A83008 /* main.m */,
			);
			name = "Supporting Files";
			sourceTree = "<group>";
		};
		E8919BD21AEB769B00A83008 /* UITableView+UIRefreshControlTests */ = {
			isa = PBXGroup;
			children = (
				E8919BD51AEB769B00A83008 /* UITableView_UIRefreshControlTests.m */,
				E8919BD31AEB769B00A83008 /* Supporting Files */,
			);
			path = "UITableView+UIRefreshControlTests";
			sourceTree = "<group>";
		};
		E8919BD31AEB769B00A83008 /* Supporting Files */ = {
			isa = PBXGroup;
			children = (
				E8919BD41AEB769B00A83008 /* Info.plist */,
			);
			name = "Supporting Files";
			sourceTree = "<group>";
		};
/* End PBXGroup section */

/* Begin PBXNativeTarget section */
		E8919BB51AEB769A00A83008 /* UITableView+UIRefreshControl */ = {
			isa = PBXNativeTarget;
			buildConfigurationList = E8919BD91AEB769B00A83008 /* Build configuration list for PBXNativeTarget "UITableView+UIRefreshControl" */;
			buildPhases = (
				E8919BB21AEB769A00A83008 /* Sources */,
				E8919BB31AEB769A00A83008 /* Frameworks */,
				E8919BB41AEB769A00A83008 /* Resources */,
			);
			buildRules = (
			);
			dependencies = (
			);
			name = "UITableView+UIRefreshControl";
			productName = "UITableView+UIRefreshControl";
			productReference = E8919BB61AEB769A00A83008 /* UITableView+UIRefreshControl.app */;
			productType = "com.apple.product-type.application";
		};
		E8919BCE1AEB769B00A83008 /* UITableView+UIRefreshControlTests */ = {
			isa = PBXNativeTarget;
			buildConfigurationList = E8919BDC1AEB769B00A83008 /* Build configuration list for PBXNativeTarget "UITableView+UIRefreshControlTests" */;
			buildPhases = (
				E8919BCB1AEB769B00A83008 /* Sources */,
				E8919BCC1AEB769B00A83008 /* Frameworks */,
				E8919BCD1AEB769B00A83008 /* Resources */,
			);
			buildRules = (
			);
			dependencies = (
				E8919BD11AEB769B00A83008 /* PBXTargetDependency */,
			);
			name = "UITableView+UIRefreshControlTests";
			productName = "UITableView+UIRefreshControlTests";
			productReference = E8919BCF1AEB769B00A83008 /* UITableView+UIRefreshControlTests.xctest */;
			productType = "com.apple.product-type.bundle.unit-test";
		};
/* End PBXNativeTarget section */

/* Begin PBXProject section */
		E8919BAE1AEB769A00A83008 /* Project object */ = {
			isa = PBXProject;
			attributes = {
				LastUpgradeCheck = 0630;
				ORGANIZATIONNAME = lipeng;
				TargetAttributes = {
					E8919BB51AEB769A00A83008 = {
						CreatedOnToolsVersion = 6.3.1;
					};
					E8919BCE1AEB769B00A83008 = {
						CreatedOnToolsVersion = 6.3.1;
						TestTargetID = E8919BB51AEB769A00A83008;
					};
				};
			};
			buildConfigurationList = E8919BB11AEB769A00A83008 /* Build configuration list for PBXProject "UITableView+UIRefreshControl" */;
			compatibilityVersion = "Xcode 3.2";
			developmentRegion = English;
			hasScannedForEncodings = 0;
			knownRegions = (
				en,
				Base,
			);
			mainGroup = E8919BAD1AEB769A00A83008;
			productRefGroup = E8919BB71AEB769A00A83008 /* Products */;
			projectDirPath = "";
			projectRoot = "";
			targets = (
				E8919BB51AEB769A00A83008 /* UITableView+UIRefreshControl */,
				E8919BCE1AEB769B00A83008 /* UITableView+UIRefreshControlTests */,
			);
		};
/* End PBXProject section */

/* Begin PBXResourcesBuildPhase section */
		E8919BB41AEB769A00A83008 /* Resources */ = {
			isa = PBXResourcesBuildPhase;
			buildActionMask = 2147483647;
			files = (
				E8919BC51AEB769A00A83008 /* Main.storyboard in Resources */,
				E8919BCA1AEB769A00A83008 /* LaunchScreen.xib in Resources */,
				E8919BC71AEB769A00A83008 /* Images.xcassets in Resources */,
			);
			runOnlyForDeploymentPostprocessing = 0;
		};
		E8919BCD1AEB769B00A83008 /* Resources */ = {
			isa = PBXResourcesBuildPhase;
			buildActionMask = 2147483647;
			files = (
			);
			runOnlyForDeploymentPostprocessing = 0;
		};
/* End PBXResourcesBuildPhase section */

/* Begin PBXSourcesBuildPhase section */
		E8919BB21AEB769A00A83008 /* Sources */ = {
			isa = PBXSourcesBuildPhase;
			buildActionMask = 2147483647;
			files = (
				E8919BC21AEB769A00A83008 /* ViewController.m in Sources */,
				E8919BBF1AEB769A00A83008 /* AppDelegate.m in Sources */,
				E8919BBC1AEB769A00A83008 /* main.m in Sources */,
			);
			runOnlyForDeploymentPostprocessing = 0;
		};
		E8919BCB1AEB769B00A83008 /* Sources */ = {
			isa = PBXSourcesBuildPhase;
			buildActionMask = 2147483647;
			files = (
				E8919BD61AEB769B00A83008 /* UITableView_UIRefreshControlTests.m in Sources */,
			);
			runOnlyForDeploymentPostprocessing = 0;
		};
/* End PBXSourcesBuildPhase section */

/* Begin PBXTargetDependency section */
		E8919BD11AEB769B00A83008 /* PBXTargetDependency */ = {
			isa = PBXTargetDependency;
			target = E8919BB51AEB769A00A83008 /* UITableView+UIRefreshControl */;
			targetProxy = E8919BD01AEB769B00A83008 /* PBXContainerItemProxy */;
		};
/* End PBXTargetDependency section */

/* Begin PBXVariantGroup section */
		E8919BC31AEB769A00A83008 /* Main.storyboard */ = {
			isa = PBXVariantGroup;
			children = (
				E8919BC41AEB769A00A83008 /* Base */,
			);
			name = Main.storyboard;
			sourceTree = "<group>";
		};
		E8919BC81AEB769A00A83008 /* LaunchScreen.xib */ = {
			isa = PBXVariantGroup;
			children = (
				E8919BC91AEB769A00A83008 /* Base */,
			);
			name = LaunchScreen.xib;
			sourceTree = "<group>";
		};
/* End PBXVariantGroup section */

/* Begin XCBuildConfiguration section */
		E8919BD71AEB769B00A83008 /* Debug */ = {
			isa = XCBuildConfiguration;
			buildSettings = {
				ALWAYS_SEARCH_USER_PATHS = NO;
				CLANG_CXX_LANGUAGE_STANDARD = "gnu++0x";
				CLANG_CXX_LIBRARY = "libc++";
				CLANG_ENABLE_MODULES = YES;
				CLANG_ENABLE_OBJC_ARC = YES;
				CLANG_WARN_BOOL_CONVERSION = YES;
				CLANG_WARN_CONSTANT_CONVERSION = YES;
				CLANG_WARN_DIRECT_OBJC_ISA_USAGE = YES_ERROR;
				CLANG_WARN_EMPTY_BODY = YES;
				CLANG_WARN_ENUM_CONVERSION = YES;
				CLANG_WARN_INT_CONVERSION = YES;
				CLANG_WARN_OBJC_ROOT_CLASS = YES_ERROR;
				CLANG_WARN_UNREACHABLE_CODE = YES;
				CLANG_WARN__DUPLICATE_METHOD_MATCH = YES;
				"CODE_SIGN_IDENTITY[sdk=iphoneos*]" = "iPhone Developer";
				COPY_PHASE_STRIP = NO;
				DEBUG_INFORMATION_FORMAT = "dwarf-with-dsym";
				ENABLE_STRICT_OBJC_MSGSEND = YES;
				GCC_C_LANGUAGE_STANDARD = gnu99;
				GCC_DYNAMIC_NO_PIC = NO;
				GCC_NO_COMMON_BLOCKS = YES;
				GCC_OPTIMIZATION_LEVEL = 0;
				GCC_PREPROCESSOR_DEFINITIONS = (
					"DEBUG=1",
					"$(inherited)",
				);
				GCC_SYMBOLS_PRIVATE_EXTERN = NO;
				GCC_WARN_64_TO_32_BIT_CONVERSION = YES;
				GCC_WARN_ABOUT_RETURN_TYPE = YES_ERROR;
				GCC_WARN_UNDECLARED_SELECTOR = YES;
				GCC_WARN_UNINITIALIZED_AUTOS = YES_AGGRESSIVE;
				GCC_WARN_UNUSED_FUNCTION = YES;
				GCC_WARN_UNUSED_VARIABLE = YES;
				IPHONEOS_DEPLOYMENT_TARGET = 8.3;
				MTL_ENABLE_DEBUG_INFO = YES;
				ONLY_ACTIVE_ARCH = YES;
				SDKROOT = iphoneos;
			};
			name = Debug;
		};
		E8919BD81AEB769B00A83008 /* Release */ = {
			isa = XCBuildConfiguration;
			buildSettings = {
				ALWAYS_SEARCH_USER_PATHS = NO;
				CLANG_CXX_LANGUAGE_STANDARD = "gnu++0x";
				CLANG_CXX_LIBRARY = "libc++";
				CLANG_ENABLE_MODULES = YES;
				CLANG_ENABLE_OBJC_ARC = YES;
				CLANG_WARN_BOOL_CONVERSION = YES;
				CLANG_WARN_CONSTANT_CONVERSION = YES;
				CLANG_WARN_DIRECT_OBJC_ISA_USAGE = YES_ERROR;
				CLANG_WARN_EMPTY_BODY = YES;
				CLANG_WARN_ENUM_CONVERSION = YES;
				CLANG_WARN_INT_CONVERSION = YES;
				CLANG_WARN_OBJC_ROOT_CLASS = YES_ERROR;
				CLANG_WARN_UNREACHABLE_CODE = YES;
				CLANG_WARN__DUPLICATE_METHOD_MATCH = YES;
				"CODE_SIGN_IDENTITY[sdk=iphoneos*]" = "iPhone Developer";
				COPY_PHASE_STRIP = NO;
				DEBUG_INFORMATION_FORMAT = "dwarf-with-dsym";
				ENABLE_NS_ASSERTIONS = NO;
				ENABLE_STRICT_OBJC_MSGSEND = YES;
				GCC_C_LANGUAGE_STANDARD = gnu99;
				GCC_NO_COMMON_BLOCKS = YES;
				GCC_WARN_64_TO_32_BIT_CONVERSION = YES;
				GCC_WARN_ABOUT_RETURN_TYPE = YES_ERROR;
				GCC_WARN_UNDECLARED_SELECTOR = YES;
				GCC_WARN_UNINITIALIZED_AUTOS = YES_AGGRESSIVE;
				GCC_WARN_UNUSED_FUNCTION = YES;
				GCC_WARN_UNUSED_VARIABLE = YES;
				IPHONEOS_DEPLOYMENT_TARGET = 8.3;
				MTL_ENABLE_DEBUG_INFO = NO;
				SDKROOT = iphoneos;
				VALIDATE_PRODUCT = YES;
			};
			name = Release;
		};
		E8919BDA1AEB769B00A83008 /* Debug */ = {
			isa = XCBuildConfiguration;
			buildSettings = {
				ASSETCATALOG_COMPILER_APPICON_NAME = AppIcon;
				INFOPLIST_FILE = "UITableView+UIRefreshControl/Info.plist";
				LD_RUNPATH_SEARCH_PATHS = "$(inherited) @executable_path/Frameworks";
				PRODUCT_NAME = "$(TARGET_NAME)";
			};
			name = Debug;
		};
		E8919BDB1AEB769B00A83008 /* Release */ = {
			isa = XCBuildConfiguration;
			buildSettings = {
				ASSETCATALOG_COMPILER_APPICON_NAME = AppIcon;
				INFOPLIST_FILE = "UITableView+UIRefreshControl/Info.plist";
				LD_RUNPATH_SEARCH_PATHS = "$(inherited) @executable_path/Frameworks";
				PRODUCT_NAME = "$(TARGET_NAME)";
			};
			name = Release;
		};
		E8919BDD1AEB769B00A83008 /* Debug */ = {
			isa = XCBuildConfiguration;
			buildSettings = {
				BUNDLE_LOADER = "$(TEST_HOST)";
				FRAMEWORK_SEARCH_PATHS = (
					"$(SDKROOT)/Developer/Library/Frameworks",
					"$(inherited)",
				);
				GCC_PREPROCESSOR_DEFINITIONS = (
					"DEBUG=1",
					"$(inherited)",
				);
				INFOPLIST_FILE = "UITableView+UIRefreshControlTests/Info.plist";
				LD_RUNPATH_SEARCH_PATHS = "$(inherited) @executable_path/Frameworks @loader_path/Frameworks";
				PRODUCT_NAME = "$(TARGET_NAME)";
				TEST_HOST = "$(BUILT_PRODUCTS_DIR)/UITableView+UIRefreshControl.app/UITableView+UIRefreshControl";
			};
			name = Debug;
		};
		E8919BDE1AEB769B00A83008 /* Release */ = {
			isa = XCBuildConfiguration;
			buildSettings = {
				BUNDLE_LOADER = "$(TEST_HOST)";
				FRAMEWORK_SEARCH_PATHS = (
					"$(SDKROOT)/Developer/Library/Frameworks",
					"$(inherited)",
				);
				INFOPLIST_FILE = "UITableView+UIRefreshControlTests/Info.plist";
				LD_RUNPATH_SEARCH_PATHS = "$(inherited) @executable_path/Frameworks @loader_path/Frameworks";
				PRODUCT_NAME = "$(TARGET_NAME)";
				TEST_HOST = "$(BUILT_PRODUCTS_DIR)/UITableView+UIRefreshControl.app/UITableView+UIRefreshControl";
			};
			name = Release;
		};
/* End XCBuildConfiguration section */

/* Begin XCConfigurationList section */
		E8919BB11AEB769A00A83008 /* Build configuration list for PBXProject "UITableView+UIRefreshControl" */ = {
			isa = XCConfigurationList;
			buildConfigurations = (
				E8919BD71AEB769B00A83008 /* Debug */,
				E8919BD81AEB769B00A83008 /* Release */,
			);
			defaultConfigurationIsVisible = 0;
			defaultConfigurationName = Release;
		};
		E8919BD91AEB769B00A83008 /* Build configuration list for PBXNativeTarget "UITableView+UIRefreshControl" */ = {
			isa = XCConfigurationList;
			buildConfigurations = (
				E8919BDA1AEB769B00A83008 /* Debug */,
				E8919BDB1AEB769B00A83008 /* Release */,
			);
			defaultConfigurationIsVisible = 0;
		};
		E8919BDC1AEB769B00A83008 /* Build configuration list for PBXNativeTarget "UITableView+UIRefreshControlTests" */ = {
			isa = XCConfigurationList;
			buildConfigurations = (
				E8919BDD1AEB769B00A83008 /* Debug */,
				E8919BDE1AEB769B00A83008 /* Release */,
			);
			defaultConfigurationIsVisible = 0;
		};
/* End XCConfigurationList section */
	};
	rootObject = E8919BAE1AEB769A00A83008 /* Project object */;
}
